{
  "name": "node-starter",
  "version": "0.0.0",
  "lockfileVersion": 2,
  "requires": true,
  "packages": {
    "": {
      "name": "node-starter",
      "version": "0.0.0",
      "dependencies": {
        "esbuild-wasm": "^0.12.17"
      }
    },
    "node_modules/esbuild-wasm": {
      "version": "0.12.17",
      "resolved": "https://registry.npmjs.org/esbuild-wasm/-/esbuild-wasm-0.12.17.tgz",
      "integrity": "sha512-CNaEGf4IXGk1d6gDLJkhrhqivZJr6wFpWRFIVm0A5p79/GdUa3CEK/t+A6HWP+fcYpJwxCdWDMiYzeLd4+mWWg==",
      "bin": {
        "esbuild": "bin/esbuild"
      },
      "engines": {
        "node": ">=8"
      }
    }
  },
  "dependencies": {
    "esbuild-wasm": {
      "version": "0.12.17",
      "resolved": "https://registry.npmjs.org/esbuild-wasm/-/esbuild-wasm-0.12.17.tgz",
      "integrity": "sha512-CNaEGf4IXGk1d6gDLJkhrhqivZJr6wFpWRFIVm0A5p79/GdUa3CEK/t+A6HWP+fcYpJwxCdWDMiYzeLd4+mWWg=="
    }
  }
}
